
Microsoft Visual Studio Solution File, Format Version 12.00
# Visual Studio 15
VisualStudioVersion = 15.0.26730.16
MinimumVisualStudioVersion = 10.0.40219.1
Project("{FAE04EC0-301F-11D3-BF4B-00C04F79EFBC}") = "TrendWordBox", "TrendWordBox\TrendWordBox.csproj", "{D7CDB0B6-6E48-4093-9DD3-3756E9B6BBEF}"
EndProject
Global
	GlobalSection(SolutionConfigurationPlatforms) = preSolution
		Debug|Any CPU = Debug|Any CPU
		Release|Any CPU = Release|Any CPU
	EndGlobalSection
	GlobalSection(ProjectConfigurationPlatforms) = postSolution
		{D7CDB0B6-6E48-4093-9DD3-3756E9B6BBEF}.Debug|Any CPU.ActiveCfg = Debug|Any CPU
		{D7CDB0B6-6E48-4093-9DD3-3756E9B6BBEF}.Debug|Any CPU.Build.0 = Debug|Any CPU
		{D7CDB0B6-6E48-4093-9DD3-3756E9B6BBEF}.Release|Any CPU.ActiveCfg = Release|Any CPU
		{D7CDB0B6-6E48-4093-9DD3-3756E9B6BBEF}.Release|Any CPU.Build.0 = Release|Any CPU
	EndGlobalSection
	GlobalSection(SolutionProperties) = preSolution
		HideSolutionNode = FALSE
	EndGlobalSection
	GlobalSection(ExtensibilityGlobals) = postSolution
		SolutionGuid = {5A4596E1-FA97-427B-A652-08195B97868E}
	EndGlobalSection
EndGlobal
